// !$*UTF8*$!
{
	archiveVersion = 1;
	classes = {
	};
	objectVersion = 46;
	objects = {

/* Begin PBXBuildFile section */
		4FFF5F831CE1A9EA0087ED8B /* AppDelegate.swift in Sources */ = {isa = PBXBuildFile; fileRef = 4FFF5F821CE1A9EA0087ED8B /* AppDelegate.swift */; };
		4FFF5F851CE1A9EA0087ED8B /* ViewController.swift in Sources */ = {isa = PBXBuildFile; fileRef = 4FFF5F841CE1A9EA0087ED8B /* ViewController.swift */; };
		4FFF5F881CE1A9EA0087ED8B /* Main.storyboard in Resources */ = {isa = PBXBuildFile; fileRef = 4FFF5F861CE1A9EA0087ED8B /* Main.storyboard */; };
		4FFF5F8A1CE1A9EB0087ED8B /* Assets.xcassets in Resources */ = {isa = PBXBuildFile; fileRef = 4FFF5F891CE1A9EB0087ED8B /* Assets.xcassets */; };
		4FFF5F8D1CE1A9EB0087ED8B /* LaunchScreen.storyboard in Resources */ = {isa = PBXBuildFile; fileRef = 4FFF5F8B1CE1A9EB0087ED8B /* LaunchScreen.storyboard */; };
		4FFF5F981CE1A9EB0087ED8B /* TipsyTests.swift in Sources */ = {isa = PBXBuildFile; fileRef = 4FFF5F971CE1A9EB0087ED8B /* TipsyTests.swift */; };
		4FFF5FA31CE1A9EB0087ED8B /* TipsyUITests.swift in Sources */ = {isa = PBXBuildFile; fileRef = 4FFF5FA21CE1A9EB0087ED8B /* TipsyUITests.swift */; };
/* End PBXBuildFile section */

/* Begin PBXContainerItemProxy section */
		4FFF5F941CE1A9EB0087ED8B /* PBXContainerItemProxy */ = {
			isa = PBXContainerItemProxy;
			containerPortal = 4FFF5F771CE1A9EA0087ED8B /* Project object */;
			proxyType = 1;
			remoteGlobalIDString = 4FFF5F7E1CE1A9EA0087ED8B;
			remoteInfo = Tipsy;
		};
		4FFF5F9F1CE1A9EB0087ED8B /* PBXContainerItemProxy */ = {
			isa = PBXContainerItemProxy;
			containerPortal = 4FFF5F771CE1A9EA0087ED8B /* Project object */;
			proxyType = 1;
			remoteGlobalIDString = 4FFF5F7E1CE1A9EA0087ED8B;
			remoteInfo = Tipsy;
		};
/* End PBXContainerItemProxy section */

/* Begin PBXFileReference section */
		4FFF5F7F1CE1A9EA0087ED8B /* Tipsy.app */ = {isa = PBXFileReference; explicitFileType = wrapper.application; includeInIndex = 0; path = Tipsy.app; sourceTree = BUILT_PRODUCTS_DIR; };
		4FFF5F821CE1A9EA0087ED8B /* AppDelegate.swift */ = {isa = PBXFileReference; lastKnownFileType = sourcecode.swift; path = AppDelegate.swift; sourceTree = "<group>"; };
		4FFF5F841CE1A9EA0087ED8B /* ViewController.swift */ = {isa = PBXFileReference; lastKnownFileType = sourcecode.swift; path = ViewController.swift; sourceTree = "<group>"; };
		4FFF5F871CE1A9EA0087ED8B /* Base */ = {isa = PBXFileReference; lastKnownFileType = file.storyboard; name = Base; path = Base.lproj/Main.storyboard; sourceTree = "<group>"; };
		4FFF5F891CE1A9EB0087ED8B /* Assets.xcassets */ = {isa = PBXFileReference; lastKnownFileType = folder.assetcatalog; path = Assets.xcassets; sourceTree = "<group>"; };
		4FFF5F8C1CE1A9EB0087ED8B /* Base */ = {isa = PBXFileReference; lastKnownFileType = file.storyboard; name = Base; path = Base.lproj/LaunchScreen.storyboard; sourceTree = "<group>"; };
		4FFF5F8E1CE1A9EB0087ED8B /* Info.plist */ = {isa = PBXFileReference; lastKnownFileType = text.plist.xml; path = Info.plist; sourceTree = "<group>"; };
		4FFF5F931CE1A9EB0087ED8B /* TipsyTests.xctest */ = {isa = PBXFileReference; explicitFileType = wrapper.cfbundle; includeInIndex = 0; path = TipsyTests.xctest; sourceTree = BUILT_PRODUCTS_DIR; };
		4FFF5F971CE1A9EB0087ED8B /* TipsyTests.swift */ = {isa = PBXFileReference; lastKnownFileType = sourcecode.swift; path = TipsyTests.swift; sourceTree = "<group>"; };
		4FFF5F991CE1A9EB0087ED8B /* Info.plist */ = {isa = PBXFileReference; lastKnownFileType = text.plist.xml; path = Info.plist; sourceTree = "<group>"; };
		4FFF5F9E1CE1A9EB0087ED8B /* TipsyUITests.xctest */ = {isa = PBXFileReference; explicitFileType = wrapper.cfbundle; includeInIndex = 0; path = TipsyUITests.xctest; sourceTree = BUILT_PRODUCTS_DIR; };
		4FFF5FA21CE1A9EB0087ED8B /* TipsyUITests.swift */ = {isa = PBXFileReference; lastKnownFileType = sourcecode.swift; path = TipsyUITests.swift; sourceTree = "<group>"; };
		4FFF5FA41CE1A9EB0087ED8B /* Info.plist */ = {isa = PBXFileReference; lastKnownFileType = text.plist.xml; path = Info.plist; sourceTree = "<group>"; };
/* End PBXFileReference section */

/* Begin PBXFrameworksBuildPhase section */
		4FFF5F7C1CE1A9EA0087ED8B /* Frameworks */ = {
			isa = PBXFrameworksBuildPhase;
			buildActionMask = 2147483647;
			files = (
			);
			runOnlyForDeploymentPostprocessing = 0;
		};
		4FFF5F901CE1A9EB0087ED8B /* Frameworks */ = {
			isa = PBXFrameworksBuildPhase;
			buildActionMask = 2147483647;
			files = (
			);
			runOnlyForDeploymentPostprocessing = 0;
		};
		4FFF5F9B1CE1A9EB0087ED8B /* Frameworks */ = {
			isa = PBXFrameworksBuildPhase;
			buildActionMask = 2147483647;
			files = (
			);
			runOnlyForDeploymentPostprocessing = 0;
		};
/* End PBXFrameworksBuildPhase section */

/* Begin PBXGroup section */
		4FFF5F761CE1A9EA0087ED8B = {
			isa = PBXGroup;
			children = (
				4FFF5F811CE1A9EA0087ED8B /* Tipsy */,
				4FFF5F961CE1A9EB0087ED8B /* TipsyTests */,
				4FFF5FA11CE1A9EB0087ED8B /* TipsyUITests */,
				4FFF5F801CE1A9EA0087ED8B /* Products */,
			);
			sourceTree = "<group>";
		};
		4FFF5F801CE1A9EA0087ED8B /* Products */ = {
			isa = PBXGroup;
			children = (
				4FFF5F7F1CE1A9EA0087ED8B /* Tipsy.app */,
				4FFF5F931CE1A9EB0087ED8B /* TipsyTests.xctest */,
				4FFF5F9E1CE1A9EB0087ED8B /* TipsyUITests.xctest */,
			);
			name = Products;
			sourceTree = "<group>";
		};
		4FFF5F811CE1A9EA0087ED8B /* Tipsy */ = {
			isa = PBXGroup;
			children = (
				4FFF5F821CE1A9EA0087ED8B /* AppDelegate.swift */,
				4FFF5F841CE1A9EA0087ED8B /* ViewController.swift */,
				4FFF5F861CE1A9EA0087ED8B /* Main.storyboard */,
				4FFF5F891CE1A9EB0087ED8B /* Assets.xcassets */,
				4FFF5F8B1CE1A9EB0087ED8B /* LaunchScreen.storyboard */,
				4FFF5F8E1CE1A9EB0087ED8B /* Info.plist */,
			);
			path = Tipsy;
			sourceTree = "<group>";
		};
		4FFF5F961CE1A9EB0087ED8B /* TipsyTests */ = {
			isa = PBXGroup;
			children = (
				4FFF5F971CE1A9EB0087ED8B /* TipsyTests.swift */,
				4FFF5F991CE1A9EB0087ED8B /* Info.plist */,
			);
			path = TipsyTests;
			sourceTree = "<group>";
		};
		4FFF5FA11CE1A9EB0087ED8B /* TipsyUITests */ = {
			isa = PBXGroup;
			children = (
				4FFF5FA21CE1A9EB0087ED8B /* TipsyUITests.swift */,
				4FFF5FA41CE1A9EB0087ED8B /* Info.plist */,
			);
			path = TipsyUITests;
			sourceTree = "<group>";
		};
/* End PBXGroup section */

/* Begin PBXNativeTarget section */
		4FFF5F7E1CE1A9EA0087ED8B /* Tipsy */ = {
			isa = PBXNativeTarget;
			buildConfigurationList = 4FFF5FA71CE1A9EB0087ED8B /* Build configuration list for PBXNativeTarget "Tipsy" */;
			buildPhases = (
				4FFF5F7B1CE1A9EA0087ED8B /* Sources */,
				4FFF5F7C1CE1A9EA0087ED8B /* Frameworks */,
				4FFF5F7D1CE1A9EA0087ED8B /* Resources */,
			);
			buildRules = (
			);
			dependencies = (
			);
			name = Tipsy;
			productName = Tipsy;
			productReference = 4FFF5F7F1CE1A9EA0087ED8B /* Tipsy.app */;
			productType = "com.apple.product-type.application";
		};
		4FFF5F921CE1A9EB0087ED8B /* TipsyTests */ = {
			isa = PBXNativeTarget;
			buildConfigurationList = 4FFF5FAA1CE1A9EB0087ED8B /* Build configuration list for PBXNativeTarget "TipsyTests" */;
			buildPhases = (
				4FFF5F8F1CE1A9EB0087ED8B /* Sources */,
				4FFF5F901CE1A9EB0087ED8B /* Frameworks */,
				4FFF5F911CE1A9EB0087ED8B /* Resources */,
			);
			buildRules = (
			);
			dependencies = (
				4FFF5F951CE1A9EB0087ED8B /* PBXTargetDependency */,
			);
			name = TipsyTests;
			productName = TipsyTests;
			productReference = 4FFF5F931CE1A9EB0087ED8B /* TipsyTests.xctest */;
			productType = "com.apple.product-type.bundle.unit-test";
		};
		4FFF5F9D1CE1A9EB0087ED8B /* TipsyUITests */ = {
			isa = PBXNativeTarget;
			buildConfigurationList = 4FFF5FAD1CE1A9EB0087ED8B /* Build configuration list for PBXNativeTarget "TipsyUITests" */;
			buildPhases = (
				4FFF5F9A1CE1A9EB0087ED8B /* Sources */,
				4FFF5F9B1CE1A9EB0087ED8B /* Frameworks */,
				4FFF5F9C1CE1A9EB0087ED8B /* Resources */,
			);
			buildRules = (
			);
			dependencies = (
				4FFF5FA01CE1A9EB0087ED8B /* PBXTargetDependency */,
			);
			name = TipsyUITests;
			productName = TipsyUITests;
			productReference = 4FFF5F9E1CE1A9EB0087ED8B /* TipsyUITests.xctest */;
			productType = "com.apple.product-type.bundle.ui-testing";
		};
/* End PBXNativeTarget section */

/* Begin PBXProject section */
		4FFF5F771CE1A9EA0087ED8B /* Project object */ = {
			isa = PBXProject;
			attributes = {
				LastSwiftUpdateCheck = 0730;
				LastUpgradeCheck = 0730;
				ORGANIZATIONNAME = "Sumit Kohli";
				TargetAttributes = {
					4FFF5F7E1CE1A9EA0087ED8B = {
						CreatedOnToolsVersion = 7.3;
					};
					4FFF5F921CE1A9EB0087ED8B = {
						CreatedOnToolsVersion = 7.3;
						TestTargetID = 4FFF5F7E1CE1A9EA0087ED8B;
					};
					4FFF5F9D1CE1A9EB0087ED8B = {
						CreatedOnToolsVersion = 7.3;
						TestTargetID = 4FFF5F7E1CE1A9EA0087ED8B;
					};
				};
			};
			buildConfigurationList = 4FFF5F7A1CE1A9EA0087ED8B /* Build configuration list for PBXProject "Tipsy" */;
			compatibilityVersion = "Xcode 3.2";
			developmentRegion = English;
			hasScannedForEncodings = 0;
			knownRegions = (
				en,
				Base,
			);
			mainGroup = 4FFF5F761CE1A9EA0087ED8B;
			productRefGroup = 4FFF5F801CE1A9EA0087ED8B /* Products */;
			projectDirPath = "";
			projectRoot = "";
			targets = (
				4FFF5F7E1CE1A9EA0087ED8B /* Tipsy */,
				4FFF5F921CE1A9EB0087ED8B /* TipsyTests */,
				4FFF5F9D1CE1A9EB0087ED8B /* TipsyUITests */,
			);
		};
/* End PBXProject section */

/* Begin PBXResourcesBuildPhase section */
		4FFF5F7D1CE1A9EA0087ED8B /* Resources */ = {
			isa = PBXResourcesBuildPhase;
			buildActionMask = 2147483647;
			files = (
				4FFF5F8D1CE1A9EB0087ED8B /* LaunchScreen.storyboard in Resources */,
				4FFF5F8A1CE1A9EB0087ED8B /* Assets.xcassets in Resources */,
				4FFF5F881CE1A9EA0087ED8B /* Main.storyboard in Resources */,
			);
			runOnlyForDeploymentPostprocessing = 0;
		};
		4FFF5F911CE1A9EB0087ED8B /* Resources */ = {
			isa = PBXResourcesBuildPhase;
			buildActionMask = 2147483647;
			files = (
			);
			runOnlyForDeploymentPostprocessing = 0;
		};
		4FFF5F9C1CE1A9EB0087ED8B /* Resources */ = {
			isa = PBXResourcesBuildPhase;
			buildActionMask = 2147483647;
			files = (
			);
			runOnlyForDeploymentPostprocessing = 0;
		};
/* End PBXResourcesBuildPhase section */

/* Begin PBXSourcesBuildPhase section */
		4FFF5F7B1CE1A9EA0087ED8B /* Sources */ = {
			isa = PBXSourcesBuildPhase;
			buildActionMask = 2147483647;
			files = (
				4FFF5F851CE1A9EA0087ED8B /* ViewController.swift in Sources */,
				4FFF5F831CE1A9EA0087ED8B /* AppDelegate.swift in Sources */,
			);
			runOnlyForDeploymentPostprocessing = 0;
		};
		4FFF5F8F1CE1A9EB0087ED8B /* Sources */ = {
			isa = PBXSourcesBuildPhase;
			buildActionMask = 2147483647;
			files = (
				4FFF5F981CE1A9EB0087ED8B /* TipsyTests.swift in Sources */,
			);
			runOnlyForDeploymentPostprocessing = 0;
		};
		4FFF5F9A1CE1A9EB0087ED8B /* Sources */ = {
			isa = PBXSourcesBuildPhase;
			buildActionMask = 2147483647;
			files = (
				4FFF5FA31CE1A9EB0087ED8B /* TipsyUITests.swift in Sources */,
			);
			runOnlyForDeploymentPostprocessing = 0;
		};
/* End PBXSourcesBuildPhase section */

/* Begin PBXTargetDependency section */
		4FFF5F951CE1A9EB0087ED8B /* PBXTargetDependency */ = {
			isa = PBXTargetDependency;
			target = 4FFF5F7E1CE1A9EA0087ED8B /* Tipsy */;
			targetProxy = 4FFF5F941CE1A9EB0087ED8B /* PBXContainerItemProxy */;
		};
		4FFF5FA01CE1A9EB0087ED8B /* PBXTargetDependency */ = {
			isa = PBXTargetDependency;
			target = 4FFF5F7E1CE1A9EA0087ED8B /* Tipsy */;
			targetProxy = 4FFF5F9F1CE1A9EB0087ED8B /* PBXContainerItemProxy */;
		};
/* End PBXTargetDependency section */

/* Begin PBXVariantGroup section */
		4FFF5F861CE1A9EA0087ED8B /* Main.storyboard */ = {
			isa = PBXVariantGroup;
			children = (
				4FFF5F871CE1A9EA0087ED8B /* Base */,
			);
			name = Main.storyboard;
			sourceTree = "<group>";
		};
		4FFF5F8B1CE1A9EB0087ED8B /* LaunchScreen.storyboard */ = {
			isa = PBXVariantGroup;
			children = (
				4FFF5F8C1CE1A9EB0087ED8B /* Base */,
			);
			name = LaunchScreen.storyboard;
			sourceTree = "<group>";
		};
/* End PBXVariantGroup section */

/* Begin XCBuildConfiguration section */
		4FFF5FA51CE1A9EB0087ED8B /* Debug */ = {
			isa = XCBuildConfiguration;
			buildSettings = {
				ALWAYS_SEARCH_USER_PATHS = NO;
				CLANG_ANALYZER_NONNULL = YES;
				CLANG_CXX_LANGUAGE_STANDARD = "gnu++0x";
				CLANG_CXX_LIBRARY = "libc++";
				CLANG_ENABLE_MODULES = YES;
				CLANG_ENABLE_OBJC_ARC = YES;
				CLANG_WARN_BOOL_CONVERSION = YES;
				CLANG_WARN_CONSTANT_CONVERSION = YES;
				CLANG_WARN_DIRECT_OBJC_ISA_USAGE = YES_ERROR;
				CLANG_WARN_EMPTY_BODY = YES;
				CLANG_WARN_ENUM_CONVERSION = YES;
				CLANG_WARN_INT_CONVERSION = YES;
				CLANG_WARN_OBJC_ROOT_CLASS = YES_ERROR;
				CLANG_WARN_UNREACHABLE_CODE = YES;
				CLANG_WARN__DUPLICATE_METHOD_MATCH = YES;
				"CODE_SIGN_IDENTITY[sdk=iphoneos*]" = "iPhone Developer";
				COPY_PHASE_STRIP = NO;
				DEBUG_INFORMATION_FORMAT = dwarf;
				ENABLE_STRICT_OBJC_MSGSEND = YES;
				ENABLE_TESTABILITY = YES;
				GCC_C_LANGUAGE_STANDARD = gnu99;
				GCC_DYNAMIC_NO_PIC = NO;
				GCC_NO_COMMON_BLOCKS = YES;
				GCC_OPTIMIZATION_LEVEL = 0;
				GCC_PREPROCESSOR_DEFINITIONS = (
					"DEBUG=1",
					"$(inherited)",
				);
				GCC_WARN_64_TO_32_BIT_CONVERSION = YES;
				GCC_WARN_ABOUT_RETURN_TYPE = YES_ERROR;
				GCC_WARN_UNDECLARED_SELECTOR = YES;
				GCC_WARN_UNINITIALIZED_AUTOS = YES_AGGRESSIVE;
				GCC_WARN_UNUSED_FUNCTION = YES;
				GCC_WARN_UNUSED_VARIABLE = YES;
				IPHONEOS_DEPLOYMENT_TARGET = 9.3;
				MTL_ENABLE_DEBUG_INFO = YES;
				ONLY_ACTIVE_ARCH = YES;
				SDKROOT = iphoneos;
				SWIFT_OPTIMIZATION_LEVEL = "-Onone";
			};
			name = Debug;
		};
		4FFF5FA61CE1A9EB0087ED8B /* Release */ = {
			isa = XCBuildConfiguration;
			buildSettings = {
				ALWAYS_SEARCH_USER_PATHS = NO;
				CLANG_ANALYZER_NONNULL = YES;
				CLANG_CXX_LANGUAGE_STANDARD = "gnu++0x";
				CLANG_CXX_LIBRARY = "libc++";
				CLANG_ENABLE_MODULES = YES;
				CLANG_ENABLE_OBJC_ARC = YES;
				CLANG_WARN_BOOL_CONVERSION = YES;
				CLANG_WARN_CONSTANT_CONVERSION = YES;
				CLANG_WARN_DIRECT_OBJC_ISA_USAGE = YES_ERROR;
				CLANG_WARN_EMPTY_BODY = YES;
				CLANG_WARN_ENUM_CONVERSION = YES;
				CLANG_WARN_INT_CONVERSION = YES;
				CLANG_WARN_OBJC_ROOT_CLASS = YES_ERROR;
				CLANG_WARN_UNREACHABLE_CODE = YES;
				CLANG_WARN__DUPLICATE_METHOD_MATCH = YES;
				"CODE_SIGN_IDENTITY[sdk=iphoneos*]" = "iPhone Developer";
				COPY_PHASE_STRIP = NO;
				DEBUG_INFORMATION_FORMAT = "dwarf-with-dsym";
				ENABLE_NS_ASSERTIONS = NO;
				ENABLE_STRICT_OBJC_MSGSEND = YES;
				GCC_C_LANGUAGE_STANDARD = gnu99;
				GCC_NO_COMMON_BLOCKS = YES;
				GCC_WARN_64_TO_32_BIT_CONVERSION = YES;
				GCC_WARN_ABOUT_RETURN_TYPE = YES_ERROR;
				GCC_WARN_UNDECLARED_SELECTOR = YES;
				GCC_WARN_UNINITIALIZED_AUTOS = YES_AGGRESSIVE;
				GCC_WARN_UNUSED_FUNCTION = YES;
				GCC_WARN_UNUSED_VARIABLE = YES;
				IPHONEOS_DEPLOYMENT_TARGET = 9.3;
				MTL_ENABLE_DEBUG_INFO = NO;
				SDKROOT = iphoneos;
				VALIDATE_PRODUCT = YES;
			};
			name = Release;
		};
		4FFF5FA81CE1A9EB0087ED8B /* Debug */ = {
			isa = XCBuildConfiguration;
			buildSettings = {
				ASSETCATALOG_COMPILER_APPICON_NAME = AppIcon;
				INFOPLIST_FILE = Tipsy/Info.plist;
				LD_RUNPATH_SEARCH_PATHS = "$(inherited) @executable_path/Frameworks";
				PRODUCT_BUNDLE_IDENTIFIER = walmart.Tipsy;
				PRODUCT_NAME = "$(TARGET_NAME)";
			};
			name = Debug;
		};
		4FFF5FA91CE1A9EB0087ED8B /* Release */ = {
			isa = XCBuildConfiguration;
			buildSettings = {
				ASSETCATALOG_COMPILER_APPICON_NAME = AppIcon;
				INFOPLIST_FILE = Tipsy/Info.plist;
				LD_RUNPATH_SEARCH_PATHS = "$(inherited) @executable_path/Frameworks";
				PRODUCT_BUNDLE_IDENTIFIER = walmart.Tipsy;
				PRODUCT_NAME = "$(TARGET_NAME)";
			};
			name = Release;
		};
		4FFF5FAB1CE1A9EB0087ED8B /* Debug */ = {
			isa = XCBuildConfiguration;
			buildSettings = {
				BUNDLE_LOADER = "$(TEST_HOST)";
				INFOPLIST_FILE = TipsyTests/Info.plist;
				LD_RUNPATH_SEARCH_PATHS = "$(inherited) @executable_path/Frameworks @loader_path/Frameworks";
				PRODUCT_BUNDLE_IDENTIFIER = walmart.TipsyTests;
				PRODUCT_NAME = "$(TARGET_NAME)";
				TEST_HOST = "$(BUILT_PRODUCTS_DIR)/Tipsy.app/Tipsy";
			};
			name = Debug;
		};
		4FFF5FAC1CE1A9EB0087ED8B /* Release */ = {
			isa = XCBuildConfiguration;
			buildSettings = {
				BUNDLE_LOADER = "$(TEST_HOST)";
				INFOPLIST_FILE = TipsyTests/Info.plist;
				LD_RUNPATH_SEARCH_PATHS = "$(inherited) @executable_path/Frameworks @loader_path/Frameworks";
				PRODUCT_BUNDLE_IDENTIFIER = walmart.TipsyTests;
				PRODUCT_NAME = "$(TARGET_NAME)";
				TEST_HOST = "$(BUILT_PRODUCTS_DIR)/Tipsy.app/Tipsy";
			};
			name = Release;
		};
		4FFF5FAE1CE1A9EB0087ED8B /* Debug */ = {
			isa = XCBuildConfiguration;
			buildSettings = {
				INFOPLIST_FILE = TipsyUITests/Info.plist;
				LD_RUNPATH_SEARCH_PATHS = "$(inherited) @executable_path/Frameworks @loader_path/Frameworks";
				PRODUCT_BUNDLE_IDENTIFIER = walmart.TipsyUITests;
				PRODUCT_NAME = "$(TARGET_NAME)";
				TEST_TARGET_NAME = Tipsy;
			};
			name = Debug;
		};
		4FFF5FAF1CE1A9EB0087ED8B /* Release */ = {
			isa = XCBuildConfiguration;
			buildSettings = {
				INFOPLIST_FILE = TipsyUITests/Info.plist;
				LD_RUNPATH_SEARCH_PATHS = "$(inherited) @executable_path/Frameworks @loader_path/Frameworks";
				PRODUCT_BUNDLE_IDENTIFIER = walmart.TipsyUITests;
				PRODUCT_NAME = "$(TARGET_NAME)";
				TEST_TARGET_NAME = Tipsy;
			};
			name = Release;
		};
/* End XCBuildConfiguration section */

/* Begin XCConfigurationList section */
		4FFF5F7A1CE1A9EA0087ED8B /* Build configuration list for PBXProject "Tipsy" */ = {
			isa = XCConfigurationList;
			buildConfigurations = (
				4FFF5FA51CE1A9EB0087ED8B /* Debug */,
				4FFF5FA61CE1A9EB0087ED8B /* Release */,
			);
			defaultConfigurationIsVisible = 0;
			defaultConfigurationName = Release;
		};
		4FFF5FA71CE1A9EB0087ED8B /* Build configuration list for PBXNativeTarget "Tipsy" */ = {
			isa = XCConfigurationList;
			buildConfigurations = (
				4FFF5FA81CE1A9EB0087ED8B /* Debug */,
				4FFF5FA91CE1A9EB0087ED8B /* Release */,
			);
			defaultConfigurationIsVisible = 0;
		};
		4FFF5FAA1CE1A9EB0087ED8B /* Build configuration list for PBXNativeTarget "TipsyTests" */ = {
			isa = XCConfigurationList;
			buildConfigurations = (
				4FFF5FAB1CE1A9EB0087ED8B /* Debug */,
				4FFF5FAC1CE1A9EB0087ED8B /* Release */,
			);
			defaultConfigurationIsVisible = 0;
		};
		4FFF5FAD1CE1A9EB0087ED8B /* Build configuration list for PBXNativeTarget "TipsyUITests" */ = {
			isa = XCConfigurationList;
			buildConfigurations = (
				4FFF5FAE1CE1A9EB0087ED8B /* Debug */,
				4FFF5FAF1CE1A9EB0087ED8B /* Release */,
			);
			defaultConfigurationIsVisible = 0;
		};
/* End XCConfigurationList section */
	};
	rootObject = 4FFF5F771CE1A9EA0087ED8B /* Project object */;
}
